# THIS IS AN AUTOGENERATED FILE. DO NOT EDIT THIS FILE DIRECTLY.
# yarn lockfile v1


react-native-safe-area-context@^3.2.0:
  version "3.2.0"
  resolved "https://registry.yarnpkg.com/react-native-safe-area-context/-/react-native-safe-area-context-3.2.0.tgz#06113c6b208f982d68ab5c3cebd199ca93db6941"
  integrity sha512-k2Nty4PwSnrg9HwrYeeE+EYqViYJoOFwEy9LxL5RIRfoqxAq/uQXNGwpUg2/u4gnKpBbEPa9eRh15KKMe/VHkA==
